
Microsoft Visual Studio Solution File, Format Version 12.00
# Visual Studio 15
VisualStudioVersion = 15.0.27004.2002
MinimumVisualStudioVersion = 10.0.40219.1
Project("{FAE04EC0-301F-11D3-BF4B-00C04F79EFBC}") = "vector", "vector\vector.csproj", "{233E4779-3713-43F0-B096-779797B90A01}"
EndProject
Global
	GlobalSection(SolutionConfigurationPlatforms) = preSolution
		Debug|Any CPU = Debug|Any CPU
		Release|Any CPU = Release|Any CPU
	EndGlobalSection
	GlobalSection(ProjectConfigurationPlatforms) = postSolution
		{233E4779-3713-43F0-B096-779797B90A01}.Debug|Any CPU.ActiveCfg = Debug|Any CPU
		{233E4779-3713-43F0-B096-779797B90A01}.Debug|Any CPU.Build.0 = Debug|Any CPU
		{233E4779-3713-43F0-B096-779797B90A01}.Release|Any CPU.ActiveCfg = Release|Any CPU
		{233E4779-3713-43F0-B096-779797B90A01}.Release|Any CPU.Build.0 = Release|Any CPU
	EndGlobalSection
	GlobalSection(SolutionProperties) = preSolution
		HideSolutionNode = FALSE
	EndGlobalSection
	GlobalSection(ExtensibilityGlobals) = postSolution
		SolutionGuid = {24199AA3-5BF0-4F99-9DA4-DBB9589E47A8}
	EndGlobalSection
EndGlobal
